
Microsoft Visual Studio Solution File, Format Version 12.00
# Visual Studio 15
VisualStudioVersion = 15.0.28307.489
MinimumVisualStudioVersion = 10.0.40219.1
Project("{FAE04EC0-301F-11D3-BF4B-00C04F79EFBC}") = "FileShare", "FileShare\FileShare.csproj", "{C50071F8-02FF-4D2D-8124-C0AF11993FB0}"
EndProject
Global
	GlobalSection(SolutionConfigurationPlatforms) = preSolution
		Debug|Any CPU = Debug|Any CPU
		Release|Any CPU = Release|Any CPU
	EndGlobalSection
	GlobalSection(ProjectConfigurationPlatforms) = postSolution
		{C50071F8-02FF-4D2D-8124-C0AF11993FB0}.Debug|Any CPU.ActiveCfg = Debug|Any CPU
		{C50071F8-02FF-4D2D-8124-C0AF11993FB0}.Debug|Any CPU.Build.0 = Debug|Any CPU
		{C50071F8-02FF-4D2D-8124-C0AF11993FB0}.Release|Any CPU.ActiveCfg = Release|Any CPU
		{C50071F8-02FF-4D2D-8124-C0AF11993FB0}.Release|Any CPU.Build.0 = Release|Any CPU
	EndGlobalSection
	GlobalSection(SolutionProperties) = preSolution
		HideSolutionNode = FALSE
	EndGlobalSection
	GlobalSection(ExtensibilityGlobals) = postSolution
		SolutionGuid = {FD4BFF6D-4692-4965-9BFC-3D167362C8D1}
	EndGlobalSection
EndGlobal
